{
  "name": "conncheck",
  "version": "1.0.0",
  "lockfileVersion": 1,
  "requires": true,
  "dependencies": {
    "ping.js": {
      "version": "0.2.3",
      "resolved": "https://registry.npmjs.org/ping.js/-/ping.js-0.2.3.tgz",
      "integrity": "sha512-mUxaydie369PF+uwNDepRinpfbHXtqPvTvKahtU2L0zz1Wu65ib+++QLX0xFpnRNOFxaG9CyAXa5voNrhLU8Ew=="
    }
  }
}
